
Microsoft Visual Studio Solution File, Format Version 12.00
# Visual Studio Version 16
VisualStudioVersion = 16.0.30907.101
MinimumVisualStudioVersion = 10.0.40219.1
Project("{FAE04EC0-301F-11D3-BF4B-00C04F79EFBC}") = "MatchingGame(Минаков03ПКо8081)", "MatchingGame(Минаков03ПКо8081)\MatchingGame(Минаков03ПКо8081).csproj", "{2CD49434-BFE4-400C-8BE0-F5BA4758CF6B}"
EndProject
Global
	GlobalSection(SolutionConfigurationPlatforms) = preSolution
		Debug|Any CPU = Debug|Any CPU
		Release|Any CPU = Release|Any CPU
	EndGlobalSection
	GlobalSection(ProjectConfigurationPlatforms) = postSolution
		{2CD49434-BFE4-400C-8BE0-F5BA4758CF6B}.Debug|Any CPU.ActiveCfg = Debug|Any CPU
		{2CD49434-BFE4-400C-8BE0-F5BA4758CF6B}.Debug|Any CPU.Build.0 = Debug|Any CPU
		{2CD49434-BFE4-400C-8BE0-F5BA4758CF6B}.Release|Any CPU.ActiveCfg = Release|Any CPU
		{2CD49434-BFE4-400C-8BE0-F5BA4758CF6B}.Release|Any CPU.Build.0 = Release|Any CPU
	EndGlobalSection
	GlobalSection(SolutionProperties) = preSolution
		HideSolutionNode = FALSE
	EndGlobalSection
	GlobalSection(ExtensibilityGlobals) = postSolution
		SolutionGuid = {A191AFA6-1708-417F-A6FA-55F2CF354C1D}
	EndGlobalSection
EndGlobal
